{
  "originHash" : "f6f0fa77ae98032a260a015bf033af2b88adb755976da9bc035130e5841926fb",
  "pins" : [
    {
      "identity" : "swift-syntax",
      "kind" : "remoteSourceControl",
      "location" : "https://github.com/apple/swift-syntax.git",
      "state" : {
        "revision" : "74c759fe021b87849501af3808ef24fcba8dfff3",
        "version" : "600.0.0-prerelease-2024-06-04"
      }
    },
    {
      "identity" : "swift-testing",
      "kind" : "remoteSourceControl",
      "location" : "https://github.com/apple/swift-testing",
      "state" : {
        "revision" : "69d59cfc76e5daf498ca61f5af409f594768eef9",
        "version" : "0.10.0"
      }
    }
  ],
  "version" : 3
}
